{
  "lockfileVersion": 1,
  "configVersion": 1,
  "workspaces": {
    "": {
      "name": "@zacharytamas/agent-tools",
      "devDependencies": {
        "@types/bun": "latest",
        "turbo": "^2.8.11",
      },
      "peerDependencies": {
        "typescript": "^5",
      },
    },
  },
  "packages": {
    "@types/bun": ["@types/bun@1.3.9", "", { "dependencies": { "bun-types": "1.3.9" } }, "sha512-KQ571yULOdWJiMH+RIWIOZ7B2RXQGpL1YQrBtLIV3FqDcCu6FsbFUBwhdKUlCKUpS3PJDsHlJ1QKlpxoVR+xtw=="],

    "@types/node": ["@types/node@25.3.1", "", { "dependencies": { "undici-types": "~7.18.0" } }, "sha512-hj9YIJimBCipHVfHKRMnvmHg+wfhKc0o4mTtXh9pKBjC8TLJzz0nzGmLi5UJsYAUgSvXFHgb0V2oY10DUFtImw=="],

    "bun-types": ["bun-types@1.3.9", "", { "dependencies": { "@types/node": "*" } }, "sha512-+UBWWOakIP4Tswh0Bt0QD0alpTY8cb5hvgiYeWCMet9YukHbzuruIEeXC2D7nMJPB12kbh8C7XJykSexEqGKJg=="],

    "turbo": ["turbo@2.8.11", "", { "optionalDependencies": { "turbo-darwin-64": "2.8.11", "turbo-darwin-arm64": "2.8.11", "turbo-linux-64": "2.8.11", "turbo-linux-arm64": "2.8.11", "turbo-windows-64": "2.8.11", "turbo-windows-arm64": "2.8.11" }, "bin": { "turbo": "bin/turbo" } }, "sha512-H+rwSHHPLoyPOSoHdmI1zY0zy0GGj1Dmr7SeJW+nZiWLz2nex8EJ+fkdVabxXFMNEux+aywI4Sae8EqhmnOv4A=="],

    "turbo-darwin-64": ["turbo-darwin-64@2.8.11", "", { "os": "darwin", "cpu": "x64" }, "sha512-XKaCWaz4OCt77oYYvGCIRpvYD4c/aNaKjRkUpv+e8rN3RZb+5Xsyew4yRO+gaHdMIUhQznXNXfHlhs+/p7lIhA=="],

    "turbo-darwin-arm64": ["turbo-darwin-arm64@2.8.11", "", { "os": "darwin", "cpu": "arm64" }, "sha512-VvynLHGUNvQ9k7GZjRPSsRcK4VkioTfFb7O7liAk4nHKjEcMdls7GqxzjVWgJiKz3hWmQGaP9hRa9UUnhVWCxA=="],

    "turbo-linux-64": ["turbo-linux-64@2.8.11", "", { "os": "linux", "cpu": "x64" }, "sha512-cbSn37dcm+EmkQ7DD0euy7xV7o2el4GAOr1XujvkAyKjjNvQ+6QIUeDgQcwAx3D17zPpDvfDMJY2dLQadWnkmQ=="],

    "turbo-linux-arm64": ["turbo-linux-arm64@2.8.11", "", { "os": "linux", "cpu": "arm64" }, "sha512-+trymp2s2aBrhS04l6qFxcExzZ8ffndevuUB9c5RCeqsVpZeiWuGQlWNm5XjOmzoMayxRARZ5ma7yiWbGMiLqQ=="],

    "turbo-windows-64": ["turbo-windows-64@2.8.11", "", { "os": "win32", "cpu": "x64" }, "sha512-3kJjFSM4yw1n9Uzmi+XkAUgCae19l/bH6RJ442xo7mnZm0tpOjo33F+FYHoSVpIWVMd0HG0LDccyafPSdylQbA=="],

    "turbo-windows-arm64": ["turbo-windows-arm64@2.8.11", "", { "os": "win32", "cpu": "arm64" }, "sha512-JOM4uF2vuLsJUvibdR6X9QqdZr6BhC6Nhlrw4LKFPsXZZI/9HHLoqAiYRpE4MuzIwldCH/jVySnWXrI1SKto0g=="],

    "typescript": ["typescript@5.9.3", "", { "bin": { "tsc": "bin/tsc", "tsserver": "bin/tsserver" } }, "sha512-jl1vZzPDinLr9eUt3J/t7V6FgNEw9QjvBPdysz9KfQDD41fQrC2Y4vKQdiaUpFT4bXlb1RHhLpp8wtm6M5TgSw=="],

    "undici-types": ["undici-types@7.18.2", "", {}, "sha512-AsuCzffGHJybSaRrmr5eHr81mwJU3kjw6M+uprWvCXiNeN9SOGwQ3Jn8jb8m3Z6izVgknn1R0FTCEAP2QrLY/w=="],
  }
}
